// !$*UTF8*$!
{
	archiveVersion = 1;
	classes = {
	};
	objectVersion = 77;
	objects = {

/* Begin PBXBuildFile section */
		9A30F2672E87880400643CCA /* FirebaseAnalytics in Frameworks */ = {isa = PBXBuildFile; productRef = 9A30F2662E87880400643CCA /* FirebaseAnalytics */; };
		9A30F2692E87880400643CCA /* FirebaseAnalyticsCore in Frameworks */ = {isa = PBXBuildFile; productRef = 9A30F2682E87880400643CCA /* FirebaseAnalyticsCore */; };
		9A30F26B2E87880400643CCA /* FirebaseAnalyticsIdentitySupport in Frameworks */ = {isa = PBXBuildFile; productRef = 9A30F26A2E87880400643CCA /* FirebaseAnalyticsIdentitySupport */; };
		9A30F26D2E87880400643CCA /* FirebaseAppCheck in Frameworks */ = {isa = PBXBuildFile; productRef = 9A30F26C2E87880400643CCA /* FirebaseAppCheck */; };
		9A30F27C2E87945400643CCA /* FirebaseFirestore in Frameworks */ = {isa = PBXBuildFile; productRef = 9A30F27B2E87945400643CCA /* FirebaseFirestore */; };
		9A30F27E2E87945900643CCA /* FirebaseAuth in Frameworks */ = {isa = PBXBuildFile; productRef = 9A30F27D2E87945900643CCA /* FirebaseAuth */; };
		9A30F2D82E9AAE5800643CCA /* FirebaseCore in Frameworks */ = {isa = PBXBuildFile; productRef = 9A30F2D72E9AAE5800643CCA /* FirebaseCore */; };
		9A30F2DA2E9AAE5800643CCA /* FirebaseFunctions in Frameworks */ = {isa = PBXBuildFile; productRef = 9A30F2D92E9AAE5800643CCA /* FirebaseFunctions */; };
		9A30F2DC2E9AAE5800643CCA /* FirebaseStorage in Frameworks */ = {isa = PBXBuildFile; productRef = 9A30F2DB2E9AAE5800643CCA /* FirebaseStorage */; };
/* End PBXBuildFile section */

/* Begin PBXFileReference section */
		9A30F24F2E87829400643CCA /* freya.app */ = {isa = PBXFileReference; explicitFileType = wrapper.application; includeInIndex = 0; path = freya.app; sourceTree = BUILT_PRODUCTS_DIR; };
/* End PBXFileReference section */

/* Begin PBXFileSystemSynchronizedRootGroup section */
		9A30F2512E87829400643CCA /* freya */ = {
			isa = PBXFileSystemSynchronizedRootGroup;
			path = freya;
			sourceTree = "<group>";
		};
/* End PBXFileSystemSynchronizedRootGroup section */

/* Begin PBXFrameworksBuildPhase section */
		9A30F24C2E87829400643CCA /* Frameworks */ = {
			isa = PBXFrameworksBuildPhase;
			buildActionMask = 2147483647;
			files = (
				9A30F26D2E87880400643CCA /* FirebaseAppCheck in Frameworks */,
				9A30F27E2E87945900643CCA /* FirebaseAuth in Frameworks */,
				9A30F2DC2E9AAE5800643CCA /* FirebaseStorage in Frameworks */,
				9A30F2672E87880400643CCA /* FirebaseAnalytics in Frameworks */,
				9A30F2DA2E9AAE5800643CCA /* FirebaseFunctions in Frameworks */,
				9A30F2692E87880400643CCA /* FirebaseAnalyticsCore in Frameworks */,
				9A30F2D82E9AAE5800643CCA /* FirebaseCore in Frameworks */,
				9A30F27C2E87945400643CCA /* FirebaseFirestore in Frameworks */,
				9A30F26B2E87880400643CCA /* FirebaseAnalyticsIdentitySupport in Frameworks */,
			);
			runOnlyForDeploymentPostprocessing = 0;
		};
/* End PBXFrameworksBuildPhase section */

/* Begin PBXGroup section */
		9A30F2462E87829400643CCA = {
			isa = PBXGroup;
			children = (
				9A30F2512E87829400643CCA /* freya */,
				9A30F27A2E87945400643CCA /* Frameworks */,
				9A30F2502E87829400643CCA /* Products */,
			);
			sourceTree = "<group>";
		};
		9A30F2502E87829400643CCA /* Products */ = {
			isa = PBXGroup;
			children = (
				9A30F24F2E87829400643CCA /* freya.app */,
			);
			name = Products;
			sourceTree = "<group>";
		};
		9A30F27A2E87945400643CCA /* Frameworks */ = {
			isa = PBXGroup;
			children = (
			);
			name = Frameworks;
			sourceTree = "<group>";
		};
/* End PBXGroup section */

/* Begin PBXNativeTarget section */
		9A30F24E2E87829400643CCA /* freya */ = {
			isa = PBXNativeTarget;
			buildConfigurationList = 9A30F25A2E87829500643CCA /* Build configuration list for PBXNativeTarget "freya" */;
			buildPhases = (
				9A30F24B2E87829400643CCA /* Sources */,
				9A30F24C2E87829400643CCA /* Frameworks */,
				9A30F24D2E87829400643CCA /* Resources */,
			);
			buildRules = (
			);
			dependencies = (
			);
			fileSystemSynchronizedGroups = (
				9A30F2512E87829400643CCA /* freya */,
			);
			name = freya;
			packageProductDependencies = (
				9A30F2662E87880400643CCA /* FirebaseAnalytics */,
				9A30F2682E87880400643CCA /* FirebaseAnalyticsCore */,
				9A30F26A2E87880400643CCA /* FirebaseAnalyticsIdentitySupport */,
				9A30F26C2E87880400643CCA /* FirebaseAppCheck */,
				9A30F27B2E87945400643CCA /* FirebaseFirestore */,
				9A30F27D2E87945900643CCA /* FirebaseAuth */,
				9A30F2D72E9AAE5800643CCA /* FirebaseCore */,
				9A30F2D92E9AAE5800643CCA /* FirebaseFunctions */,
				9A30F2DB2E9AAE5800643CCA /* FirebaseStorage */,
			);
			productName = freya;
			productReference = 9A30F24F2E87829400643CCA /* freya.app */;
			productType = "com.apple.product-type.application";
		};
/* End PBXNativeTarget section */

/* Begin PBXProject section */
		9A30F2472E87829400643CCA /* Project object */ = {
			isa = PBXProject;
			attributes = {
				BuildIndependentTargetsInParallel = 1;
				LastSwiftUpdateCheck = 2600;
				LastUpgradeCheck = 2600;
				TargetAttributes = {
					9A30F24E2E87829400643CCA = {
						CreatedOnToolsVersion = 26.0;
					};
				};
			};
			buildConfigurationList = 9A30F24A2E87829400643CCA /* Build configuration list for PBXProject "freya" */;
			developmentRegion = en;
			hasScannedForEncodings = 0;
			knownRegions = (
				en,
				Base,
			);
			mainGroup = 9A30F2462E87829400643CCA;
			minimizedProjectReferenceProxies = 1;
			packageReferences = (
				9A30F2652E87880400643CCA /* XCRemoteSwiftPackageReference "firebase-ios-sdk" */,
			);
			preferredProjectObjectVersion = 77;
			productRefGroup = 9A30F2502E87829400643CCA /* Products */;
			projectDirPath = "";
			projectRoot = "";
			targets = (
				9A30F24E2E87829400643CCA /* freya */,
			);
		};
/* End PBXProject section */

/* Begin PBXResourcesBuildPhase section */
		9A30F24D2E87829400643CCA /* Resources */ = {
			isa = PBXResourcesBuildPhase;
			buildActionMask = 2147483647;
			files = (
			);
			runOnlyForDeploymentPostprocessing = 0;
		};
/* End PBXResourcesBuildPhase section */

/* Begin PBXSourcesBuildPhase section */
		9A30F24B2E87829400643CCA /* Sources */ = {
			isa = PBXSourcesBuildPhase;
			buildActionMask = 2147483647;
			files = (
			);
			runOnlyForDeploymentPostprocessing = 0;
		};
/* End PBXSourcesBuildPhase section */

/* Begin XCBuildConfiguration section */
		9A30F2582E87829500643CCA /* Debug */ = {
			isa = XCBuildConfiguration;
			buildSettings = {
				ALWAYS_SEARCH_USER_PATHS = NO;
				ASSETCATALOG_COMPILER_GENERATE_SWIFT_ASSET_SYMBOL_EXTENSIONS = YES;
				CLANG_ANALYZER_NONNULL = YES;
				CLANG_ANALYZER_NUMBER_OBJECT_CONVERSION = YES_AGGRESSIVE;
				CLANG_CXX_LANGUAGE_STANDARD = "gnu++20";
				CLANG_ENABLE_MODULES = YES;
				CLANG_ENABLE_OBJC_ARC = YES;
				CLANG_ENABLE_OBJC_WEAK = YES;
				CLANG_WARN_BLOCK_CAPTURE_AUTORELEASING = YES;
				CLANG_WARN_BOOL_CONVERSION = YES;
				CLANG_WARN_COMMA = YES;
				CLANG_WARN_CONSTANT_CONVERSION = YES;
				CLANG_WARN_DEPRECATED_OBJC_IMPLEMENTATIONS = YES;
				CLANG_WARN_DIRECT_OBJC_ISA_USAGE = YES_ERROR;
				CLANG_WARN_DOCUMENTATION_COMMENTS = YES;
				CLANG_WARN_EMPTY_BODY = YES;
				CLANG_WARN_ENUM_CONVERSION = YES;
				CLANG_WARN_INFINITE_RECURSION = YES;
				CLANG_WARN_INT_CONVERSION = YES;
				CLANG_WARN_NON_LITERAL_NULL_CONVERSION = YES;
				CLANG_WARN_OBJC_IMPLICIT_RETAIN_SELF = YES;
				CLANG_WARN_OBJC_LITERAL_CONVERSION = YES;
				CLANG_WARN_OBJC_ROOT_CLASS = YES_ERROR;
				CLANG_WARN_QUOTED_INCLUDE_IN_FRAMEWORK_HEADER = YES;
				CLANG_WARN_RANGE_LOOP_ANALYSIS = YES;
				CLANG_WARN_STRICT_PROTOTYPES = YES;
				CLANG_WARN_SUSPICIOUS_MOVE = YES;
				CLANG_WARN_UNGUARDED_AVAILABILITY = YES_AGGRESSIVE;
				CLANG_WARN_UNREACHABLE_CODE = YES;
				CLANG_WARN__DUPLICATE_METHOD_MATCH = YES;
				COPY_PHASE_STRIP = NO;
				DEBUG_INFORMATION_FORMAT = dwarf;
				DEVELOPMENT_TEAM = X3G4A9KZ6A;
				ENABLE_STRICT_OBJC_MSGSEND = YES;
				ENABLE_TESTABILITY = YES;
				ENABLE_USER_SCRIPT_SANDBOXING = YES;
				GCC_C_LANGUAGE_STANDARD = gnu17;
				GCC_DYNAMIC_NO_PIC = NO;
				GCC_NO_COMMON_BLOCKS = YES;
				GCC_OPTIMIZATION_LEVEL = 0;
				GCC_PREPROCESSOR_DEFINITIONS = (
					"DEBUG=1",
					"$(inherited)",
				);
				GCC_WARN_64_TO_32_BIT_CONVERSION = YES;
				GCC_WARN_ABOUT_RETURN_TYPE = YES_ERROR;
				GCC_WARN_UNDECLARED_SELECTOR = YES;
				GCC_WARN_UNINITIALIZED_AUTOS = YES_AGGRESSIVE;
				GCC_WARN_UNUSED_FUNCTION = YES;
				GCC_WARN_UNUSED_VARIABLE = YES;
				IPHONEOS_DEPLOYMENT_TARGET = 26.0;
				LOCALIZATION_PREFERS_STRING_CATALOGS = YES;
				MTL_ENABLE_DEBUG_INFO = INCLUDE_SOURCE;
				MTL_FAST_MATH = YES;
				ONLY_ACTIVE_ARCH = YES;
				SDKROOT = iphoneos;
				SWIFT_ACTIVE_COMPILATION_CONDITIONS = "DEBUG $(inherited)";
				SWIFT_OPTIMIZATION_LEVEL = "-Onone";
			};
			name = Debug;
		};
		9A30F2592E87829500643CCA /* Release */ = {
			isa = XCBuildConfiguration;
			buildSettings = {
				ALWAYS_SEARCH_USER_PATHS = NO;
				ASSETCATALOG_COMPILER_GENERATE_SWIFT_ASSET_SYMBOL_EXTENSIONS = YES;
				CLANG_ANALYZER_NONNULL = YES;
				CLANG_ANALYZER_NUMBER_OBJECT_CONVERSION = YES_AGGRESSIVE;
				CLANG_CXX_LANGUAGE_STANDARD = "gnu++20";
				CLANG_ENABLE_MODULES = YES;
				CLANG_ENABLE_OBJC_ARC = YES;
				CLANG_ENABLE_OBJC_WEAK = YES;
				CLANG_WARN_BLOCK_CAPTURE_AUTORELEASING = YES;
				CLANG_WARN_BOOL_CONVERSION = YES;
				CLANG_WARN_COMMA = YES;
				CLANG_WARN_CONSTANT_CONVERSION = YES;
				CLANG_WARN_DEPRECATED_OBJC_IMPLEMENTATIONS = YES;
				CLANG_WARN_DIRECT_OBJC_ISA_USAGE = YES_ERROR;
				CLANG_WARN_DOCUMENTATION_COMMENTS = YES;
				CLANG_WARN_EMPTY_BODY = YES;
				CLANG_WARN_ENUM_CONVERSION = YES;
				CLANG_WARN_INFINITE_RECURSION = YES;
				CLANG_WARN_INT_CONVERSION = YES;
				CLANG_WARN_NON_LITERAL_NULL_CONVERSION = YES;
				CLANG_WARN_OBJC_IMPLICIT_RETAIN_SELF = YES;
				CLANG_WARN_OBJC_LITERAL_CONVERSION = YES;
				CLANG_WARN_OBJC_ROOT_CLASS = YES_ERROR;
				CLANG_WARN_QUOTED_INCLUDE_IN_FRAMEWORK_HEADER = YES;
				CLANG_WARN_RANGE_LOOP_ANALYSIS = YES;
				CLANG_WARN_STRICT_PROTOTYPES = YES;
				CLANG_WARN_SUSPICIOUS_MOVE = YES;
				CLANG_WARN_UNGUARDED_AVAILABILITY = YES_AGGRESSIVE;
				CLANG_WARN_UNREACHABLE_CODE = YES;
				CLANG_WARN__DUPLICATE_METHOD_MATCH = YES;
				COPY_PHASE_STRIP = NO;
				DEBUG_INFORMATION_FORMAT = "dwarf-with-dsym";
				DEVELOPMENT_TEAM = X3G4A9KZ6A;
				ENABLE_NS_ASSERTIONS = NO;
				ENABLE_STRICT_OBJC_MSGSEND = YES;
				ENABLE_USER_SCRIPT_SANDBOXING = YES;
				GCC_C_LANGUAGE_STANDARD = gnu17;
				GCC_NO_COMMON_BLOCKS = YES;
				GCC_WARN_64_TO_32_BIT_CONVERSION = YES;
				GCC_WARN_ABOUT_RETURN_TYPE = YES_ERROR;
				GCC_WARN_UNDECLARED_SELECTOR = YES;
				GCC_WARN_UNINITIALIZED_AUTOS = YES_AGGRESSIVE;
				GCC_WARN_UNUSED_FUNCTION = YES;
				GCC_WARN_UNUSED_VARIABLE = YES;
				IPHONEOS_DEPLOYMENT_TARGET = 26.0;
				LOCALIZATION_PREFERS_STRING_CATALOGS = YES;
				MTL_ENABLE_DEBUG_INFO = NO;
				MTL_FAST_MATH = YES;
				SDKROOT = iphoneos;
				SWIFT_COMPILATION_MODE = wholemodule;
				VALIDATE_PRODUCT = YES;
			};
			name = Release;
		};
		9A30F25B2E87829500643CCA /* Debug */ = {
			isa = XCBuildConfiguration;
			buildSettings = {
				ASSETCATALOG_COMPILER_APPICON_NAME = AppIcon;
				ASSETCATALOG_COMPILER_GLOBAL_ACCENT_COLOR_NAME = AccentColor;
				CODE_SIGN_STYLE = Automatic;
				CURRENT_PROJECT_VERSION = 1;
				DEVELOPMENT_TEAM = X3G4A9KZ6A;
				ENABLE_PREVIEWS = YES;
				GENERATE_INFOPLIST_FILE = YES;
				INFOPLIST_KEY_NSCameraUsageDescription = "Camera is used to generate your skin report";
				INFOPLIST_KEY_UIApplicationSceneManifest_Generation = YES;
				INFOPLIST_KEY_UIApplicationSupportsIndirectInputEvents = YES;
				INFOPLIST_KEY_UILaunchScreen_Generation = YES;
				INFOPLIST_KEY_UISupportedInterfaceOrientations_iPad = "UIInterfaceOrientationPortrait UIInterfaceOrientationPortraitUpsideDown UIInterfaceOrientationLandscapeLeft UIInterfaceOrientationLandscapeRight";
				INFOPLIST_KEY_UISupportedInterfaceOrientations_iPhone = "UIInterfaceOrientationPortrait UIInterfaceOrientationLandscapeLeft UIInterfaceOrientationLandscapeRight";
				IPHONEOS_DEPLOYMENT_TARGET = 18.0;
				LD_RUNPATH_SEARCH_PATHS = (
					"$(inherited)",
					"@executable_path/Frameworks",
				);
				MARKETING_VERSION = 1.0;
				PRODUCT_BUNDLE_IDENTIFIER = "grit-ai.freya";
				PRODUCT_NAME = "$(TARGET_NAME)";
				STRING_CATALOG_GENERATE_SYMBOLS = YES;
				SWIFT_APPROACHABLE_CONCURRENCY = YES;
				SWIFT_DEFAULT_ACTOR_ISOLATION = MainActor;
				SWIFT_EMIT_LOC_STRINGS = YES;
				SWIFT_UPCOMING_FEATURE_MEMBER_IMPORT_VISIBILITY = YES;
				SWIFT_VERSION = 5.0;
				TARGETED_DEVICE_FAMILY = "1,2";
			};
			name = Debug;
		};
		9A30F25C2E87829500643CCA /* Release */ = {
			isa = XCBuildConfiguration;
			buildSettings = {
				ASSETCATALOG_COMPILER_APPICON_NAME = AppIcon;
				ASSETCATALOG_COMPILER_GLOBAL_ACCENT_COLOR_NAME = AccentColor;
				CODE_SIGN_STYLE = Automatic;
				CURRENT_PROJECT_VERSION = 1;
				DEVELOPMENT_TEAM = X3G4A9KZ6A;
				ENABLE_PREVIEWS = YES;
				GENERATE_INFOPLIST_FILE = YES;
				INFOPLIST_KEY_NSCameraUsageDescription = "Camera is used to generate your skin report";
				INFOPLIST_KEY_UIApplicationSceneManifest_Generation = YES;
				INFOPLIST_KEY_UIApplicationSupportsIndirectInputEvents = YES;
				INFOPLIST_KEY_UILaunchScreen_Generation = YES;
				INFOPLIST_KEY_UISupportedInterfaceOrientations_iPad = "UIInterfaceOrientationPortrait UIInterfaceOrientationPortraitUpsideDown UIInterfaceOrientationLandscapeLeft UIInterfaceOrientationLandscapeRight";
				INFOPLIST_KEY_UISupportedInterfaceOrientations_iPhone = "UIInterfaceOrientationPortrait UIInterfaceOrientationLandscapeLeft UIInterfaceOrientationLandscapeRight";
				IPHONEOS_DEPLOYMENT_TARGET = 18.0;
				LD_RUNPATH_SEARCH_PATHS = (
					"$(inherited)",
					"@executable_path/Frameworks",
				);
				MARKETING_VERSION = 1.0;
				PRODUCT_BUNDLE_IDENTIFIER = "grit-ai.freya";
				PRODUCT_NAME = "$(TARGET_NAME)";
				STRING_CATALOG_GENERATE_SYMBOLS = YES;
				SWIFT_APPROACHABLE_CONCURRENCY = YES;
				SWIFT_DEFAULT_ACTOR_ISOLATION = MainActor;
				SWIFT_EMIT_LOC_STRINGS = YES;
				SWIFT_UPCOMING_FEATURE_MEMBER_IMPORT_VISIBILITY = YES;
				SWIFT_VERSION = 5.0;
				TARGETED_DEVICE_FAMILY = "1,2";
			};
			name = Release;
		};
/* End XCBuildConfiguration section */

/* Begin XCConfigurationList section */
		9A30F24A2E87829400643CCA /* Build configuration list for PBXProject "freya" */ = {
			isa = XCConfigurationList;
			buildConfigurations = (
				9A30F2582E87829500643CCA /* Debug */,
				9A30F2592E87829500643CCA /* Release */,
			);
			defaultConfigurationIsVisible = 0;
			defaultConfigurationName = Release;
		};
		9A30F25A2E87829500643CCA /* Build configuration list for PBXNativeTarget "freya" */ = {
			isa = XCConfigurationList;
			buildConfigurations = (
				9A30F25B2E87829500643CCA /* Debug */,
				9A30F25C2E87829500643CCA /* Release */,
			);
			defaultConfigurationIsVisible = 0;
			defaultConfigurationName = Release;
		};
/* End XCConfigurationList section */

/* Begin XCRemoteSwiftPackageReference section */
		9A30F2652E87880400643CCA /* XCRemoteSwiftPackageReference "firebase-ios-sdk" */ = {
			isa = XCRemoteSwiftPackageReference;
			repositoryURL = "https://github.com/firebase/firebase-ios-sdk";
			requirement = {
				kind = upToNextMajorVersion;
				minimumVersion = 12.3.0;
			};
		};
/* End XCRemoteSwiftPackageReference section */

/* Begin XCSwiftPackageProductDependency section */
		9A30F2662E87880400643CCA /* FirebaseAnalytics */ = {
			isa = XCSwiftPackageProductDependency;
			package = 9A30F2652E87880400643CCA /* XCRemoteSwiftPackageReference "firebase-ios-sdk" */;
			productName = FirebaseAnalytics;
		};
		9A30F2682E87880400643CCA /* FirebaseAnalyticsCore */ = {
			isa = XCSwiftPackageProductDependency;
			package = 9A30F2652E87880400643CCA /* XCRemoteSwiftPackageReference "firebase-ios-sdk" */;
			productName = FirebaseAnalyticsCore;
		};
		9A30F26A2E87880400643CCA /* FirebaseAnalyticsIdentitySupport */ = {
			isa = XCSwiftPackageProductDependency;
			package = 9A30F2652E87880400643CCA /* XCRemoteSwiftPackageReference "firebase-ios-sdk" */;
			productName = FirebaseAnalyticsIdentitySupport;
		};
		9A30F26C2E87880400643CCA /* FirebaseAppCheck */ = {
			isa = XCSwiftPackageProductDependency;
			package = 9A30F2652E87880400643CCA /* XCRemoteSwiftPackageReference "firebase-ios-sdk" */;
			productName = FirebaseAppCheck;
		};
		9A30F27B2E87945400643CCA /* FirebaseFirestore */ = {
			isa = XCSwiftPackageProductDependency;
			package = 9A30F2652E87880400643CCA /* XCRemoteSwiftPackageReference "firebase-ios-sdk" */;
			productName = FirebaseFirestore;
		};
		9A30F27D2E87945900643CCA /* FirebaseAuth */ = {
			isa = XCSwiftPackageProductDependency;
			package = 9A30F2652E87880400643CCA /* XCRemoteSwiftPackageReference "firebase-ios-sdk" */;
			productName = FirebaseAuth;
		};
		9A30F2D72E9AAE5800643CCA /* FirebaseCore */ = {
			isa = XCSwiftPackageProductDependency;
			package = 9A30F2652E87880400643CCA /* XCRemoteSwiftPackageReference "firebase-ios-sdk" */;
			productName = FirebaseCore;
		};
		9A30F2D92E9AAE5800643CCA /* FirebaseFunctions */ = {
			isa = XCSwiftPackageProductDependency;
			package = 9A30F2652E87880400643CCA /* XCRemoteSwiftPackageReference "firebase-ios-sdk" */;
			productName = FirebaseFunctions;
		};
		9A30F2DB2E9AAE5800643CCA /* FirebaseStorage */ = {
			isa = XCSwiftPackageProductDependency;
			package = 9A30F2652E87880400643CCA /* XCRemoteSwiftPackageReference "firebase-ios-sdk" */;
			productName = FirebaseStorage;
		};
/* End XCSwiftPackageProductDependency section */
	};
	rootObject = 9A30F2472E87829400643CCA /* Project object */;
}
